
Microsoft Visual Studio Solution File, Format Version 12.00
Project("{FAE04EC0-301F-11D3-BF4B-00C04F79EFBC}") = "CDS.API", "CDS.API\CDS.API.csproj", "{5D53236B-06D5-4DBE-A70B-35B212BD778B}"
EndProject
Project("{2150E333-8FDC-42A3-9474-1A3956D46DE8}") = "Solution Items", "Solution Items", "{AD6102B9-640E-4260-8A98-93C22EF34523}"
	ProjectSection(SolutionItems) = preProject
		docker-compose.yml = docker-compose.yml
	EndProjectSection
EndProject
Project("{FAE04EC0-301F-11D3-BF4B-00C04F79EFBC}") = "Mock.Asset", "Mock.Asset\Mock.Asset.csproj", "{F58B7CAD-53FA-4EA5-999E-0B2FC3AD1869}"
EndProject
Project("{FAE04EC0-301F-11D3-BF4B-00C04F79EFBC}") = "Mock.Order", "Mock.Order\Mock.Order.csproj", "{BF0DE046-6DFB-4C1B-9285-3EFD6F7B1656}"
EndProject
Project("{FAE04EC0-301F-11D3-BF4B-00C04F79EFBC}") = "Mock.Briefing", "Mock.Briefing\Mock.Briefing.csproj", "{D0149B1E-26FD-4283-8E98-D1BDC7429E3C}"
EndProject
Project("{FAE04EC0-301F-11D3-BF4B-00C04F79EFBC}") = "Mock.Content.Distribution", "Mock.Content.Distribution\Mock.Content.Distribution.csproj", "{15B61553-3D6D-436C-A67B-56D653472022}"
EndProject
Project("{FAE04EC0-301F-11D3-BF4B-00C04F79EFBC}") = "CDS.Domain", "CDS.Domain\CDS.Domain.csproj", "{2607F382-B5DB-4BAB-96FC-2DA7A005DFB9}"
EndProject
Project("{2150E333-8FDC-42A3-9474-1A3956D46DE8}") = "src", "src", "{2C9DAA63-DC24-4FA7-9E15-4A44B55B1EAD}"
EndProject
Project("{2150E333-8FDC-42A3-9474-1A3956D46DE8}") = "Other Domains", "Other Domains", "{AD3AC36B-7562-420C-8653-0322B1FB1A0B}"
EndProject
Project("{2150E333-8FDC-42A3-9474-1A3956D46DE8}") = "tests", "tests", "{AE603B25-3D82-47F8-8B2E-BBFDCE4A0EF9}"
EndProject
Project("{FAE04EC0-301F-11D3-BF4B-00C04F79EFBC}") = "CDS.Application", "CDS.Application\CDS.Application.csproj", "{05856BA9-B21B-47FB-A9DD-6DA4AC36DAF3}"
EndProject
Project("{FAE04EC0-301F-11D3-BF4B-00C04F79EFBC}") = "CDS.Infrastructure", "CDS.Infrastructure\CDS.Infrastructure.csproj", "{288CCEEB-9F9D-4B16-86D3-66C34195A021}"
EndProject
Project("{FAE04EC0-301F-11D3-BF4B-00C04F79EFBC}") = "CDS.Contracts", "CDS.Contracts\CDS.Contracts.csproj", "{4F4A7556-F5FF-4A1D-AE09-CCC8F7D64182}"
EndProject
Project("{FAE04EC0-301F-11D3-BF4B-00C04F79EFBC}") = "CDS.Application.UnitTests", "CDS.Application.UnitTests\CDS.Application.UnitTests.csproj", "{E49C6A64-92EF-4BC0-AAE8-35DE6A984126}"
EndProject
Global
	GlobalSection(SolutionConfigurationPlatforms) = preSolution
		Debug|Any CPU = Debug|Any CPU
		Release|Any CPU = Release|Any CPU
	EndGlobalSection
	GlobalSection(ProjectConfigurationPlatforms) = postSolution
		{5D53236B-06D5-4DBE-A70B-35B212BD778B}.Debug|Any CPU.ActiveCfg = Debug|Any CPU
		{5D53236B-06D5-4DBE-A70B-35B212BD778B}.Debug|Any CPU.Build.0 = Debug|Any CPU
		{5D53236B-06D5-4DBE-A70B-35B212BD778B}.Release|Any CPU.ActiveCfg = Release|Any CPU
		{5D53236B-06D5-4DBE-A70B-35B212BD778B}.Release|Any CPU.Build.0 = Release|Any CPU
		{F58B7CAD-53FA-4EA5-999E-0B2FC3AD1869}.Debug|Any CPU.ActiveCfg = Debug|Any CPU
		{F58B7CAD-53FA-4EA5-999E-0B2FC3AD1869}.Debug|Any CPU.Build.0 = Debug|Any CPU
		{F58B7CAD-53FA-4EA5-999E-0B2FC3AD1869}.Release|Any CPU.ActiveCfg = Release|Any CPU
		{F58B7CAD-53FA-4EA5-999E-0B2FC3AD1869}.Release|Any CPU.Build.0 = Release|Any CPU
		{BF0DE046-6DFB-4C1B-9285-3EFD6F7B1656}.Debug|Any CPU.ActiveCfg = Debug|Any CPU
		{BF0DE046-6DFB-4C1B-9285-3EFD6F7B1656}.Debug|Any CPU.Build.0 = Debug|Any CPU
		{BF0DE046-6DFB-4C1B-9285-3EFD6F7B1656}.Release|Any CPU.ActiveCfg = Release|Any CPU
		{BF0DE046-6DFB-4C1B-9285-3EFD6F7B1656}.Release|Any CPU.Build.0 = Release|Any CPU
		{D0149B1E-26FD-4283-8E98-D1BDC7429E3C}.Debug|Any CPU.ActiveCfg = Debug|Any CPU
		{D0149B1E-26FD-4283-8E98-D1BDC7429E3C}.Debug|Any CPU.Build.0 = Debug|Any CPU
		{D0149B1E-26FD-4283-8E98-D1BDC7429E3C}.Release|Any CPU.ActiveCfg = Release|Any CPU
		{D0149B1E-26FD-4283-8E98-D1BDC7429E3C}.Release|Any CPU.Build.0 = Release|Any CPU
		{15B61553-3D6D-436C-A67B-56D653472022}.Debug|Any CPU.ActiveCfg = Debug|Any CPU
		{15B61553-3D6D-436C-A67B-56D653472022}.Debug|Any CPU.Build.0 = Debug|Any CPU
		{15B61553-3D6D-436C-A67B-56D653472022}.Release|Any CPU.ActiveCfg = Release|Any CPU
		{15B61553-3D6D-436C-A67B-56D653472022}.Release|Any CPU.Build.0 = Release|Any CPU
		{2607F382-B5DB-4BAB-96FC-2DA7A005DFB9}.Debug|Any CPU.ActiveCfg = Debug|Any CPU
		{2607F382-B5DB-4BAB-96FC-2DA7A005DFB9}.Debug|Any CPU.Build.0 = Debug|Any CPU
		{2607F382-B5DB-4BAB-96FC-2DA7A005DFB9}.Release|Any CPU.ActiveCfg = Release|Any CPU
		{2607F382-B5DB-4BAB-96FC-2DA7A005DFB9}.Release|Any CPU.Build.0 = Release|Any CPU
		{05856BA9-B21B-47FB-A9DD-6DA4AC36DAF3}.Debug|Any CPU.ActiveCfg = Debug|Any CPU
		{05856BA9-B21B-47FB-A9DD-6DA4AC36DAF3}.Debug|Any CPU.Build.0 = Debug|Any CPU
		{05856BA9-B21B-47FB-A9DD-6DA4AC36DAF3}.Release|Any CPU.ActiveCfg = Release|Any CPU
		{05856BA9-B21B-47FB-A9DD-6DA4AC36DAF3}.Release|Any CPU.Build.0 = Release|Any CPU
		{288CCEEB-9F9D-4B16-86D3-66C34195A021}.Debug|Any CPU.ActiveCfg = Debug|Any CPU
		{288CCEEB-9F9D-4B16-86D3-66C34195A021}.Debug|Any CPU.Build.0 = Debug|Any CPU
		{288CCEEB-9F9D-4B16-86D3-66C34195A021}.Release|Any CPU.ActiveCfg = Release|Any CPU
		{288CCEEB-9F9D-4B16-86D3-66C34195A021}.Release|Any CPU.Build.0 = Release|Any CPU
		{4F4A7556-F5FF-4A1D-AE09-CCC8F7D64182}.Debug|Any CPU.ActiveCfg = Debug|Any CPU
		{4F4A7556-F5FF-4A1D-AE09-CCC8F7D64182}.Debug|Any CPU.Build.0 = Debug|Any CPU
		{4F4A7556-F5FF-4A1D-AE09-CCC8F7D64182}.Release|Any CPU.ActiveCfg = Release|Any CPU
		{4F4A7556-F5FF-4A1D-AE09-CCC8F7D64182}.Release|Any CPU.Build.0 = Release|Any CPU
		{E49C6A64-92EF-4BC0-AAE8-35DE6A984126}.Debug|Any CPU.ActiveCfg = Debug|Any CPU
		{E49C6A64-92EF-4BC0-AAE8-35DE6A984126}.Debug|Any CPU.Build.0 = Debug|Any CPU
		{E49C6A64-92EF-4BC0-AAE8-35DE6A984126}.Release|Any CPU.ActiveCfg = Release|Any CPU
		{E49C6A64-92EF-4BC0-AAE8-35DE6A984126}.Release|Any CPU.Build.0 = Release|Any CPU
	EndGlobalSection
	GlobalSection(NestedProjects) = preSolution
		{F58B7CAD-53FA-4EA5-999E-0B2FC3AD1869} = {AD3AC36B-7562-420C-8653-0322B1FB1A0B}
		{D0149B1E-26FD-4283-8E98-D1BDC7429E3C} = {AD3AC36B-7562-420C-8653-0322B1FB1A0B}
		{15B61553-3D6D-436C-A67B-56D653472022} = {AD3AC36B-7562-420C-8653-0322B1FB1A0B}
		{BF0DE046-6DFB-4C1B-9285-3EFD6F7B1656} = {AD3AC36B-7562-420C-8653-0322B1FB1A0B}
		{5D53236B-06D5-4DBE-A70B-35B212BD778B} = {2C9DAA63-DC24-4FA7-9E15-4A44B55B1EAD}
		{2607F382-B5DB-4BAB-96FC-2DA7A005DFB9} = {2C9DAA63-DC24-4FA7-9E15-4A44B55B1EAD}
		{05856BA9-B21B-47FB-A9DD-6DA4AC36DAF3} = {2C9DAA63-DC24-4FA7-9E15-4A44B55B1EAD}
		{288CCEEB-9F9D-4B16-86D3-66C34195A021} = {2C9DAA63-DC24-4FA7-9E15-4A44B55B1EAD}
		{4F4A7556-F5FF-4A1D-AE09-CCC8F7D64182} = {2C9DAA63-DC24-4FA7-9E15-4A44B55B1EAD}
		{E49C6A64-92EF-4BC0-AAE8-35DE6A984126} = {AE603B25-3D82-47F8-8B2E-BBFDCE4A0EF9}
	EndGlobalSection
EndGlobal
