
Microsoft Visual Studio Solution File, Format Version 12.00
Project("{FAE04EC0-301F-11D3-BF4B-00C04F79EFBC}") = "CDS.API", "CDS.API\CDS.API.csproj", "{5D53236B-06D5-4DBE-A70B-35B212BD778B}"
EndProject
Project("{2150E333-8FDC-42A3-9474-1A3956D46DE8}") = "Solution Items", "Solution Items", "{AD6102B9-640E-4260-8A98-93C22EF34523}"
	ProjectSection(SolutionItems) = preProject
		docker-compose.yml = docker-compose.yml
	EndProjectSection
EndProject
Project("{FAE04EC0-301F-11D3-BF4B-00C04F79EFBC}") = "Mock.Asset", "Mock.Asset\Mock.Asset.csproj", "{F58B7CAD-53FA-4EA5-999E-0B2FC3AD1869}"
EndProject
Project("{FAE04EC0-301F-11D3-BF4B-00C04F79EFBC}") = "Mock.Order", "Mock.Order\Mock.Order.csproj", "{BF0DE046-6DFB-4C1B-9285-3EFD6F7B1656}"
EndProject
Project("{FAE04EC0-301F-11D3-BF4B-00C04F79EFBC}") = "Mock.Briefing", "Mock.Briefing\Mock.Briefing.csproj", "{D0149B1E-26FD-4283-8E98-D1BDC7429E3C}"
EndProject
Project("{FAE04EC0-301F-11D3-BF4B-00C04F79EFBC}") = "Mock.Content.Distribution", "Mock.Content.Distribution\Mock.Content.Distribution.csproj", "{15B61553-3D6D-436C-A67B-56D653472022}"
EndProject
Global
	GlobalSection(SolutionConfigurationPlatforms) = preSolution
		Debug|Any CPU = Debug|Any CPU
		Release|Any CPU = Release|Any CPU
	EndGlobalSection
	GlobalSection(ProjectConfigurationPlatforms) = postSolution
		{5D53236B-06D5-4DBE-A70B-35B212BD778B}.Debug|Any CPU.ActiveCfg = Debug|Any CPU
		{5D53236B-06D5-4DBE-A70B-35B212BD778B}.Debug|Any CPU.Build.0 = Debug|Any CPU
		{5D53236B-06D5-4DBE-A70B-35B212BD778B}.Release|Any CPU.ActiveCfg = Release|Any CPU
		{5D53236B-06D5-4DBE-A70B-35B212BD778B}.Release|Any CPU.Build.0 = Release|Any CPU
		{F58B7CAD-53FA-4EA5-999E-0B2FC3AD1869}.Debug|Any CPU.ActiveCfg = Debug|Any CPU
		{F58B7CAD-53FA-4EA5-999E-0B2FC3AD1869}.Debug|Any CPU.Build.0 = Debug|Any CPU
		{F58B7CAD-53FA-4EA5-999E-0B2FC3AD1869}.Release|Any CPU.ActiveCfg = Release|Any CPU
		{F58B7CAD-53FA-4EA5-999E-0B2FC3AD1869}.Release|Any CPU.Build.0 = Release|Any CPU
		{BF0DE046-6DFB-4C1B-9285-3EFD6F7B1656}.Debug|Any CPU.ActiveCfg = Debug|Any CPU
		{BF0DE046-6DFB-4C1B-9285-3EFD6F7B1656}.Debug|Any CPU.Build.0 = Debug|Any CPU
		{BF0DE046-6DFB-4C1B-9285-3EFD6F7B1656}.Release|Any CPU.ActiveCfg = Release|Any CPU
		{BF0DE046-6DFB-4C1B-9285-3EFD6F7B1656}.Release|Any CPU.Build.0 = Release|Any CPU
		{D0149B1E-26FD-4283-8E98-D1BDC7429E3C}.Debug|Any CPU.ActiveCfg = Debug|Any CPU
		{D0149B1E-26FD-4283-8E98-D1BDC7429E3C}.Debug|Any CPU.Build.0 = Debug|Any CPU
		{D0149B1E-26FD-4283-8E98-D1BDC7429E3C}.Release|Any CPU.ActiveCfg = Release|Any CPU
		{D0149B1E-26FD-4283-8E98-D1BDC7429E3C}.Release|Any CPU.Build.0 = Release|Any CPU
		{15B61553-3D6D-436C-A67B-56D653472022}.Debug|Any CPU.ActiveCfg = Debug|Any CPU
		{15B61553-3D6D-436C-A67B-56D653472022}.Debug|Any CPU.Build.0 = Debug|Any CPU
		{15B61553-3D6D-436C-A67B-56D653472022}.Release|Any CPU.ActiveCfg = Release|Any CPU
		{15B61553-3D6D-436C-A67B-56D653472022}.Release|Any CPU.Build.0 = Release|Any CPU
	EndGlobalSection
EndGlobal
